// !$*UTF8*$!
{
	archiveVersion = 1;
	classes = {
	};
	objectVersion = 46;
	objects = {

/* Begin PBXBuildFile section */
		AEB2FCCC1E9FB048001D6FC5 /* AppDelegate.swift in Sources */ = {isa = PBXBuildFile; fileRef = AEB2FCCB1E9FB048001D6FC5 /* AppDelegate.swift */; };
		AEB2FCCE1E9FB048001D6FC5 /* ViewController.swift in Sources */ = {isa = PBXBuildFile; fileRef = AEB2FCCD1E9FB048001D6FC5 /* ViewController.swift */; };
		AEB2FCD11E9FB048001D6FC5 /* Main.storyboard in Resources */ = {isa = PBXBuildFile; fileRef = AEB2FCCF1E9FB048001D6FC5 /* Main.storyboard */; };
		AEB2FCD31E9FB048001D6FC5 /* Assets.xcassets in Resources */ = {isa = PBXBuildFile; fileRef = AEB2FCD21E9FB048001D6FC5 /* Assets.xcassets */; };
		AEB2FCD61E9FB048001D6FC5 /* LaunchScreen.storyboard in Resources */ = {isa = PBXBuildFile; fileRef = AEB2FCD41E9FB048001D6FC5 /* LaunchScreen.storyboard */; };
/* End PBXBuildFile section */

/* Begin PBXFileReference section */
		AEB2FCC81E9FB048001D6FC5 /* GitUseExample.app */ = {isa = PBXFileReference; explicitFileType = wrapper.application; includeInIndex = 0; path = GitUseExample.app; sourceTree = BUILT_PRODUCTS_DIR; };
		AEB2FCCB1E9FB048001D6FC5 /* AppDelegate.swift */ = {isa = PBXFileReference; lastKnownFileType = sourcecode.swift; path = AppDelegate.swift; sourceTree = "<group>"; };
		AEB2FCCD1E9FB048001D6FC5 /* ViewController.swift */ = {isa = PBXFileReference; lastKnownFileType = sourcecode.swift; path = ViewController.swift; sourceTree = "<group>"; };
		AEB2FCD01E9FB048001D6FC5 /* Base */ = {isa = PBXFileReference; lastKnownFileType = file.storyboard; name = Base; path = Base.lproj/Main.storyboard; sourceTree = "<group>"; };
		AEB2FCD21E9FB048001D6FC5 /* Assets.xcassets */ = {isa = PBXFileReference; lastKnownFileType = folder.assetcatalog; path = Assets.xcassets; sourceTree = "<group>"; };
		AEB2FCD51E9FB048001D6FC5 /* Base */ = {isa = PBXFileReference; lastKnownFileType = file.storyboard; name = Base; path = Base.lproj/LaunchScreen.storyboard; sourceTree = "<group>"; };
		AEB2FCD71E9FB048001D6FC5 /* Info.plist */ = {isa = PBXFileReference; lastKnownFileType = text.plist.xml; path = Info.plist; sourceTree = "<group>"; };
/* End PBXFileReference section */

/* Begin PBXFrameworksBuildPhase section */
		AEB2FCC51E9FB048001D6FC5 /* Frameworks */ = {
			isa = PBXFrameworksBuildPhase;
			buildActionMask = 2147483647;
			files = (
			);
			runOnlyForDeploymentPostprocessing = 0;
		};
/* End PBXFrameworksBuildPhase section */

/* Begin PBXGroup section */
		AEB2FCBF1E9FB048001D6FC5 = {
			isa = PBXGroup;
			children = (
				AEB2FCCA1E9FB048001D6FC5 /* GitUseExample */,
				AEB2FCC91E9FB048001D6FC5 /* Products */,
			);
			sourceTree = "<group>";
		};
		AEB2FCC91E9FB048001D6FC5 /* Products */ = {
			isa = PBXGroup;
			children = (
				AEB2FCC81E9FB048001D6FC5 /* GitUseExample.app */,
			);
			name = Products;
			sourceTree = "<group>";
		};
		AEB2FCCA1E9FB048001D6FC5 /* GitUseExample */ = {
			isa = PBXGroup;
			children = (
				AEB2FCCB1E9FB048001D6FC5 /* AppDelegate.swift */,
				AEB2FCCD1E9FB048001D6FC5 /* ViewController.swift */,
				AEB2FCCF1E9FB048001D6FC5 /* Main.storyboard */,
				AEB2FCD21E9FB048001D6FC5 /* Assets.xcassets */,
				AEB2FCD41E9FB048001D6FC5 /* LaunchScreen.storyboard */,
				AEB2FCD71E9FB048001D6FC5 /* Info.plist */,
			);
			path = GitUseExample;
			sourceTree = "<group>";
		};
/* End PBXGroup section */

/* Begin PBXNativeTarget section */
		AEB2FCC71E9FB048001D6FC5 /* GitUseExample */ = {
			isa = PBXNativeTarget;
			buildConfigurationList = AEB2FCDA1E9FB048001D6FC5 /* Build configuration list for PBXNativeTarget "GitUseExample" */;
			buildPhases = (
				AEB2FCC41E9FB048001D6FC5 /* Sources */,
				AEB2FCC51E9FB048001D6FC5 /* Frameworks */,
				AEB2FCC61E9FB048001D6FC5 /* Resources */,
			);
			buildRules = (
			);
			dependencies = (
			);
			name = GitUseExample;
			productName = GitUseExample;
			productReference = AEB2FCC81E9FB048001D6FC5 /* GitUseExample.app */;
			productType = "com.apple.product-type.application";
		};
/* End PBXNativeTarget section */

/* Begin PBXProject section */
		AEB2FCC01E9FB048001D6FC5 /* Project object */ = {
			isa = PBXProject;
			attributes = {
				LastSwiftUpdateCheck = 0810;
				LastUpgradeCheck = 0810;
				ORGANIZATIONNAME = "PMI Piotr";
				TargetAttributes = {
					AEB2FCC71E9FB048001D6FC5 = {
						CreatedOnToolsVersion = 8.1;
						DevelopmentTeam = A6CD8L8Z26;
						ProvisioningStyle = Automatic;
					};
				};
			};
			buildConfigurationList = AEB2FCC31E9FB048001D6FC5 /* Build configuration list for PBXProject "GitUseExample" */;
			compatibilityVersion = "Xcode 3.2";
			developmentRegion = English;
			hasScannedForEncodings = 0;
			knownRegions = (
				en,
				Base,
			);
			mainGroup = AEB2FCBF1E9FB048001D6FC5;
			productRefGroup = AEB2FCC91E9FB048001D6FC5 /* Products */;
			projectDirPath = "";
			projectRoot = "";
			targets = (
				AEB2FCC71E9FB048001D6FC5 /* GitUseExample */,
			);
		};
/* End PBXProject section */

/* Begin PBXResourcesBuildPhase section */
		AEB2FCC61E9FB048001D6FC5 /* Resources */ = {
			isa = PBXResourcesBuildPhase;
			buildActionMask = 2147483647;
			files = (
				AEB2FCD61E9FB048001D6FC5 /* LaunchScreen.storyboard in Resources */,
				AEB2FCD31E9FB048001D6FC5 /* Assets.xcassets in Resources */,
				AEB2FCD11E9FB048001D6FC5 /* Main.storyboard in Resources */,
			);
			runOnlyForDeploymentPostprocessing = 0;
		};
/* End PBXResourcesBuildPhase section */

/* Begin PBXSourcesBuildPhase section */
		AEB2FCC41E9FB048001D6FC5 /* Sources */ = {
			isa = PBXSourcesBuildPhase;
			buildActionMask = 2147483647;
			files = (
				AEB2FCCE1E9FB048001D6FC5 /* ViewController.swift in Sources */,
				AEB2FCCC1E9FB048001D6FC5 /* AppDelegate.swift in Sources */,
			);
			runOnlyForDeploymentPostprocessing = 0;
		};
/* End PBXSourcesBuildPhase section */

/* Begin PBXVariantGroup section */
		AEB2FCCF1E9FB048001D6FC5 /* Main.storyboard */ = {
			isa = PBXVariantGroup;
			children = (
				AEB2FCD01E9FB048001D6FC5 /* Base */,
			);
			name = Main.storyboard;
			sourceTree = "<group>";
		};
		AEB2FCD41E9FB048001D6FC5 /* LaunchScreen.storyboard */ = {
			isa = PBXVariantGroup;
			children = (
				AEB2FCD51E9FB048001D6FC5 /* Base */,
			);
			name = LaunchScreen.storyboard;
			sourceTree = "<group>";
		};
/* End PBXVariantGroup section */

/* Begin XCBuildConfiguration section */
		AEB2FCD81E9FB048001D6FC5 /* Debug */ = {
			isa = XCBuildConfiguration;
			buildSettings = {
				ALWAYS_SEARCH_USER_PATHS = NO;
				CLANG_ANALYZER_NONNULL = YES;
				CLANG_CXX_LANGUAGE_STANDARD = "gnu++0x";
				CLANG_CXX_LIBRARY = "libc++";
				CLANG_ENABLE_MODULES = YES;
				CLANG_ENABLE_OBJC_ARC = YES;
				CLANG_WARN_BOOL_CONVERSION = YES;
				CLANG_WARN_CONSTANT_CONVERSION = YES;
				CLANG_WARN_DIRECT_OBJC_ISA_USAGE = YES_ERROR;
				CLANG_WARN_DOCUMENTATION_COMMENTS = YES;
				CLANG_WARN_EMPTY_BODY = YES;
				CLANG_WARN_ENUM_CONVERSION = YES;
				CLANG_WARN_INFINITE_RECURSION = YES;
				CLANG_WARN_INT_CONVERSION = YES;
				CLANG_WARN_OBJC_ROOT_CLASS = YES_ERROR;
				CLANG_WARN_SUSPICIOUS_MOVES = YES;
				CLANG_WARN_UNREACHABLE_CODE = YES;
				CLANG_WARN__DUPLICATE_METHOD_MATCH = YES;
				"CODE_SIGN_IDENTITY[sdk=iphoneos*]" = "iPhone Developer";
				COPY_PHASE_STRIP = NO;
				DEBUG_INFORMATION_FORMAT = dwarf;
				ENABLE_STRICT_OBJC_MSGSEND = YES;
				ENABLE_TESTABILITY = YES;
				GCC_C_LANGUAGE_STANDARD = gnu99;
				GCC_DYNAMIC_NO_PIC = NO;
				GCC_NO_COMMON_BLOCKS = YES;
				GCC_OPTIMIZATION_LEVEL = 0;
				GCC_PREPROCESSOR_DEFINITIONS = (
					"DEBUG=1",
					"$(inherited)",
				);
				GCC_WARN_64_TO_32_BIT_CONVERSION = YES;
				GCC_WARN_ABOUT_RETURN_TYPE = YES_ERROR;
				GCC_WARN_UNDECLARED_SELECTOR = YES;
				GCC_WARN_UNINITIALIZED_AUTOS = YES_AGGRESSIVE;
				GCC_WARN_UNUSED_FUNCTION = YES;
				GCC_WARN_UNUSED_VARIABLE = YES;
				IPHONEOS_DEPLOYMENT_TARGET = 10.1;
				MTL_ENABLE_DEBUG_INFO = YES;
				ONLY_ACTIVE_ARCH = YES;
				SDKROOT = iphoneos;
				SWIFT_ACTIVE_COMPILATION_CONDITIONS = DEBUG;
				SWIFT_OPTIMIZATION_LEVEL = "-Onone";
			};
			name = Debug;
		};
		AEB2FCD91E9FB048001D6FC5 /* Release */ = {
			isa = XCBuildConfiguration;
			buildSettings = {
				ALWAYS_SEARCH_USER_PATHS = NO;
				CLANG_ANALYZER_NONNULL = YES;
				CLANG_CXX_LANGUAGE_STANDARD = "gnu++0x";
				CLANG_CXX_LIBRARY = "libc++";
				CLANG_ENABLE_MODULES = YES;
				CLANG_ENABLE_OBJC_ARC = YES;
				CLANG_WARN_BOOL_CONVERSION = YES;
				CLANG_WARN_CONSTANT_CONVERSION = YES;
				CLANG_WARN_DIRECT_OBJC_ISA_USAGE = YES_ERROR;
				CLANG_WARN_DOCUMENTATION_COMMENTS = YES;
				CLANG_WARN_EMPTY_BODY = YES;
				CLANG_WARN_ENUM_CONVERSION = YES;
				CLANG_WARN_INFINITE_RECURSION = YES;
				CLANG_WARN_INT_CONVERSION = YES;
				CLANG_WARN_OBJC_ROOT_CLASS = YES_ERROR;
				CLANG_WARN_SUSPICIOUS_MOVES = YES;
				CLANG_WARN_UNREACHABLE_CODE = YES;
				CLANG_WARN__DUPLICATE_METHOD_MATCH = YES;
				"CODE_SIGN_IDENTITY[sdk=iphoneos*]" = "iPhone Developer";
				COPY_PHASE_STRIP = NO;
				DEBUG_INFORMATION_FORMAT = "dwarf-with-dsym";
				ENABLE_NS_ASSERTIONS = NO;
				ENABLE_STRICT_OBJC_MSGSEND = YES;
				GCC_C_LANGUAGE_STANDARD = gnu99;
				GCC_NO_COMMON_BLOCKS = YES;
				GCC_WARN_64_TO_32_BIT_CONVERSION = YES;
				GCC_WARN_ABOUT_RETURN_TYPE = YES_ERROR;
				GCC_WARN_UNDECLARED_SELECTOR = YES;
				GCC_WARN_UNINITIALIZED_AUTOS = YES_AGGRESSIVE;
				GCC_WARN_UNUSED_FUNCTION = YES;
				GCC_WARN_UNUSED_VARIABLE = YES;
				IPHONEOS_DEPLOYMENT_TARGET = 10.1;
				MTL_ENABLE_DEBUG_INFO = NO;
				SDKROOT = iphoneos;
				SWIFT_OPTIMIZATION_LEVEL = "-Owholemodule";
				VALIDATE_PRODUCT = YES;
			};
			name = Release;
		};
		AEB2FCDB1E9FB048001D6FC5 /* Debug */ = {
			isa = XCBuildConfiguration;
			buildSettings = {
				ASSETCATALOG_COMPILER_APPICON_NAME = AppIcon;
				DEVELOPMENT_TEAM = A6CD8L8Z26;
				INFOPLIST_FILE = GitUseExample/Info.plist;
				LD_RUNPATH_SEARCH_PATHS = "$(inherited) @executable_path/Frameworks";
				PRODUCT_BUNDLE_IDENTIFIER = com.piotrkondratowicz.GitUseExample;
				PRODUCT_NAME = "$(TARGET_NAME)";
				SWIFT_VERSION = 3.0;
			};
			name = Debug;
		};
		AEB2FCDC1E9FB048001D6FC5 /* Release */ = {
			isa = XCBuildConfiguration;
			buildSettings = {
				ASSETCATALOG_COMPILER_APPICON_NAME = AppIcon;
				DEVELOPMENT_TEAM = A6CD8L8Z26;
				INFOPLIST_FILE = GitUseExample/Info.plist;
				LD_RUNPATH_SEARCH_PATHS = "$(inherited) @executable_path/Frameworks";
				PRODUCT_BUNDLE_IDENTIFIER = com.piotrkondratowicz.GitUseExample;
				PRODUCT_NAME = "$(TARGET_NAME)";
				SWIFT_VERSION = 3.0;
			};
			name = Release;
		};
/* End XCBuildConfiguration section */

/* Begin XCConfigurationList section */
		AEB2FCC31E9FB048001D6FC5 /* Build configuration list for PBXProject "GitUseExample" */ = {
			isa = XCConfigurationList;
			buildConfigurations = (
				AEB2FCD81E9FB048001D6FC5 /* Debug */,
				AEB2FCD91E9FB048001D6FC5 /* Release */,
			);
			defaultConfigurationIsVisible = 0;
			defaultConfigurationName = Release;
		};
		AEB2FCDA1E9FB048001D6FC5 /* Build configuration list for PBXNativeTarget "GitUseExample" */ = {
			isa = XCConfigurationList;
			buildConfigurations = (
				AEB2FCDB1E9FB048001D6FC5 /* Debug */,
				AEB2FCDC1E9FB048001D6FC5 /* Release */,
			);
			defaultConfigurationIsVisible = 0;
		};
/* End XCConfigurationList section */
	};
	rootObject = AEB2FCC01E9FB048001D6FC5 /* Project object */;
}
